
Microsoft Visual Studio Solution File, Format Version 12.00
# Visual Studio Version 16
VisualStudioVersion = 16.0.30225.117
MinimumVisualStudioVersion = 10.0.40219.1
Project("{9A19103F-16F7-4668-BE54-9A1E7A4F7556}") = "homework1", "homework1\homework1.csproj", "{560B39F3-DBCA-493F-A49C-0B9EACF4A4D3}"
EndProject
Project("{9A19103F-16F7-4668-BE54-9A1E7A4F7556}") = "homework3", "homework3\homework3.csproj", "{F3001FD8-117F-427A-B568-26FC60F19044}"
EndProject
Project("{9A19103F-16F7-4668-BE54-9A1E7A4F7556}") = "homework4", "homework4\homework4.csproj", "{EF41A3CD-B7C9-4CF3-A6A1-B3C8219B1514}"
EndProject
Project("{9A19103F-16F7-4668-BE54-9A1E7A4F7556}") = "homework5", "homework5\homework5.csproj", "{EA8D8018-1B29-4F24-AD50-1DFF513AAC33}"
EndProject
Project("{9A19103F-16F7-4668-BE54-9A1E7A4F7556}") = "homework2.1", "homework2.1\homework2.1.csproj", "{68A3337D-2824-403E-B57F-6FD7A2218411}"
EndProject
Project("{9A19103F-16F7-4668-BE54-9A1E7A4F7556}") = "homework2.2", "homework2.2\homework2.2.csproj", "{DC254BE4-6899-4779-BBCE-72A1E3D44FE0}"
EndProject
Project("{9A19103F-16F7-4668-BE54-9A1E7A4F7556}") = "homework2.3", "homework2.3\homework2.3.csproj", "{20420B62-8B88-4F48-9407-B0FBDCB8E1E8}"
EndProject
Project("{9A19103F-16F7-4668-BE54-9A1E7A4F7556}") = "homework2.4", "homework2.4\homework2.4.csproj", "{18D3D2C7-A4D1-4F17-BA0D-DB71C5979033}"
EndProject
Project("{9A19103F-16F7-4668-BE54-9A1E7A4F7556}") = "manageorder", "manageorder\manageorder.csproj", "{F6A980DE-ECA1-4144-B19B-85698B06A2C9}"
EndProject
Project("{FAE04EC0-301F-11D3-BF4B-00C04F79EFBC}") = "CayleyTree", "..\DotNet\csharpbook\CsExample\CsExample\ch05\CayleyTree\CayleyTree\CayleyTree.csproj", "{4E066C3B-A467-46D1-9A6E-0EF515CFA58F}"
EndProject
Global
	GlobalSection(SolutionConfigurationPlatforms) = preSolution
		Debug|Any CPU = Debug|Any CPU
		Release|Any CPU = Release|Any CPU
	EndGlobalSection
	GlobalSection(ProjectConfigurationPlatforms) = postSolution
		{560B39F3-DBCA-493F-A49C-0B9EACF4A4D3}.Debug|Any CPU.ActiveCfg = Debug|Any CPU
		{560B39F3-DBCA-493F-A49C-0B9EACF4A4D3}.Debug|Any CPU.Build.0 = Debug|Any CPU
		{560B39F3-DBCA-493F-A49C-0B9EACF4A4D3}.Release|Any CPU.ActiveCfg = Release|Any CPU
		{560B39F3-DBCA-493F-A49C-0B9EACF4A4D3}.Release|Any CPU.Build.0 = Release|Any CPU
		{F3001FD8-117F-427A-B568-26FC60F19044}.Debug|Any CPU.ActiveCfg = Debug|Any CPU
		{F3001FD8-117F-427A-B568-26FC60F19044}.Debug|Any CPU.Build.0 = Debug|Any CPU
		{F3001FD8-117F-427A-B568-26FC60F19044}.Release|Any CPU.ActiveCfg = Release|Any CPU
		{F3001FD8-117F-427A-B568-26FC60F19044}.Release|Any CPU.Build.0 = Release|Any CPU
		{EF41A3CD-B7C9-4CF3-A6A1-B3C8219B1514}.Debug|Any CPU.ActiveCfg = Debug|Any CPU
		{EF41A3CD-B7C9-4CF3-A6A1-B3C8219B1514}.Debug|Any CPU.Build.0 = Debug|Any CPU
		{EF41A3CD-B7C9-4CF3-A6A1-B3C8219B1514}.Release|Any CPU.ActiveCfg = Release|Any CPU
		{EF41A3CD-B7C9-4CF3-A6A1-B3C8219B1514}.Release|Any CPU.Build.0 = Release|Any CPU
		{EA8D8018-1B29-4F24-AD50-1DFF513AAC33}.Debug|Any CPU.ActiveCfg = Debug|Any CPU
		{EA8D8018-1B29-4F24-AD50-1DFF513AAC33}.Debug|Any CPU.Build.0 = Debug|Any CPU
		{EA8D8018-1B29-4F24-AD50-1DFF513AAC33}.Release|Any CPU.ActiveCfg = Release|Any CPU
		{EA8D8018-1B29-4F24-AD50-1DFF513AAC33}.Release|Any CPU.Build.0 = Release|Any CPU
		{68A3337D-2824-403E-B57F-6FD7A2218411}.Debug|Any CPU.ActiveCfg = Debug|Any CPU
		{68A3337D-2824-403E-B57F-6FD7A2218411}.Debug|Any CPU.Build.0 = Debug|Any CPU
		{68A3337D-2824-403E-B57F-6FD7A2218411}.Release|Any CPU.ActiveCfg = Release|Any CPU
		{68A3337D-2824-403E-B57F-6FD7A2218411}.Release|Any CPU.Build.0 = Release|Any CPU
		{DC254BE4-6899-4779-BBCE-72A1E3D44FE0}.Debug|Any CPU.ActiveCfg = Debug|Any CPU
		{DC254BE4-6899-4779-BBCE-72A1E3D44FE0}.Debug|Any CPU.Build.0 = Debug|Any CPU
		{DC254BE4-6899-4779-BBCE-72A1E3D44FE0}.Release|Any CPU.ActiveCfg = Release|Any CPU
		{DC254BE4-6899-4779-BBCE-72A1E3D44FE0}.Release|Any CPU.Build.0 = Release|Any CPU
		{20420B62-8B88-4F48-9407-B0FBDCB8E1E8}.Debug|Any CPU.ActiveCfg = Debug|Any CPU
		{20420B62-8B88-4F48-9407-B0FBDCB8E1E8}.Debug|Any CPU.Build.0 = Debug|Any CPU
		{20420B62-8B88-4F48-9407-B0FBDCB8E1E8}.Release|Any CPU.ActiveCfg = Release|Any CPU
		{20420B62-8B88-4F48-9407-B0FBDCB8E1E8}.Release|Any CPU.Build.0 = Release|Any CPU
		{18D3D2C7-A4D1-4F17-BA0D-DB71C5979033}.Debug|Any CPU.ActiveCfg = Debug|Any CPU
		{18D3D2C7-A4D1-4F17-BA0D-DB71C5979033}.Debug|Any CPU.Build.0 = Debug|Any CPU
		{18D3D2C7-A4D1-4F17-BA0D-DB71C5979033}.Release|Any CPU.ActiveCfg = Release|Any CPU
		{18D3D2C7-A4D1-4F17-BA0D-DB71C5979033}.Release|Any CPU.Build.0 = Release|Any CPU
		{F6A980DE-ECA1-4144-B19B-85698B06A2C9}.Debug|Any CPU.ActiveCfg = Debug|Any CPU
		{F6A980DE-ECA1-4144-B19B-85698B06A2C9}.Debug|Any CPU.Build.0 = Debug|Any CPU
		{F6A980DE-ECA1-4144-B19B-85698B06A2C9}.Release|Any CPU.ActiveCfg = Release|Any CPU
		{F6A980DE-ECA1-4144-B19B-85698B06A2C9}.Release|Any CPU.Build.0 = Release|Any CPU
		{4E066C3B-A467-46D1-9A6E-0EF515CFA58F}.Debug|Any CPU.ActiveCfg = Debug|Any CPU
		{4E066C3B-A467-46D1-9A6E-0EF515CFA58F}.Debug|Any CPU.Build.0 = Debug|Any CPU
		{4E066C3B-A467-46D1-9A6E-0EF515CFA58F}.Release|Any CPU.ActiveCfg = Release|Any CPU
		{4E066C3B-A467-46D1-9A6E-0EF515CFA58F}.Release|Any CPU.Build.0 = Release|Any CPU
	EndGlobalSection
	GlobalSection(SolutionProperties) = preSolution
		HideSolutionNode = FALSE
	EndGlobalSection
	GlobalSection(ExtensibilityGlobals) = postSolution
		SolutionGuid = {DDFFB619-8532-4BE6-BCE4-70B40E9AC0D7}
	EndGlobalSection
EndGlobal
